
Microsoft Visual Studio Solution File, Format Version 12.00
# Visual Studio Version 17
VisualStudioVersion = 17.14.36603.0
MinimumVisualStudioVersion = 10.0.40219.1
Project("{FAE04EC0-301F-11D3-BF4B-00C04F79EFBC}") = "BlazorReservasVuelos", "BlazorReservasVuelos.csproj", "{C50135E4-A962-4625-B9D6-5D90F9E954E5}"
EndProject
Global
	GlobalSection(SolutionConfigurationPlatforms) = preSolution
		Debug|Any CPU = Debug|Any CPU
		Release|Any CPU = Release|Any CPU
	EndGlobalSection
	GlobalSection(ProjectConfigurationPlatforms) = postSolution
		{C50135E4-A962-4625-B9D6-5D90F9E954E5}.Debug|Any CPU.ActiveCfg = Debug|Any CPU
		{C50135E4-A962-4625-B9D6-5D90F9E954E5}.Debug|Any CPU.Build.0 = Debug|Any CPU
		{C50135E4-A962-4625-B9D6-5D90F9E954E5}.Release|Any CPU.ActiveCfg = Release|Any CPU
		{C50135E4-A962-4625-B9D6-5D90F9E954E5}.Release|Any CPU.Build.0 = Release|Any CPU
	EndGlobalSection
	GlobalSection(SolutionProperties) = preSolution
		HideSolutionNode = FALSE
	EndGlobalSection
	GlobalSection(ExtensibilityGlobals) = postSolution
		SolutionGuid = {4539A50F-F2FD-4449-9062-0BCD3C96BBE2}
	EndGlobalSection
EndGlobal
